
Microsoft Visual Studio Solution File, Format Version 12.00
# Visual Studio Version 17
VisualStudioVersion = 17.10.34928.147
MinimumVisualStudioVersion = 10.0.40219.1
Project("{FAE04EC0-301F-11D3-BF4B-00C04F79EFBC}") = "ProyectoRelampago", "ProyectoRelampago.csproj", "{BAF27E1D-5894-4794-A1F8-E3CFB8F557E8}"
EndProject
Global
	GlobalSection(SolutionConfigurationPlatforms) = preSolution
		Debug|Any CPU = Debug|Any CPU
		Release|Any CPU = Release|Any CPU
	EndGlobalSection
	GlobalSection(ProjectConfigurationPlatforms) = postSolution
		{BAF27E1D-5894-4794-A1F8-E3CFB8F557E8}.Debug|Any CPU.ActiveCfg = Debug|Any CPU
		{BAF27E1D-5894-4794-A1F8-E3CFB8F557E8}.Debug|Any CPU.Build.0 = Debug|Any CPU
		{BAF27E1D-5894-4794-A1F8-E3CFB8F557E8}.Release|Any CPU.ActiveCfg = Release|Any CPU
		{BAF27E1D-5894-4794-A1F8-E3CFB8F557E8}.Release|Any CPU.Build.0 = Release|Any CPU
	EndGlobalSection
	GlobalSection(SolutionProperties) = preSolution
		HideSolutionNode = FALSE
	EndGlobalSection
	GlobalSection(ExtensibilityGlobals) = postSolution
		SolutionGuid = {D0B0EF43-08A9-4A92-B75C-AC6458462DD2}
	EndGlobalSection
EndGlobal
